# This file is autogenerated, do not edit; changes may be undone by the next 'dep ensure'.


[[projects]]
  name = "github.com/hypwxm/jwt-go"
  packages = ["."]
  revision = "06ea1031745cb8b3dab3f6a236daf2b0aa468b7e"
  version = "v3.2.1"

[solve-meta]
  analyzer-name = "dep"
  analyzer-version = 1
  inputs-digest = "1a52ad343db7934dafd740d45e48d88f8b06d4290c65e3cf627bfa2b471ebb10"
  solver-name = "gps-cdcl"
  solver-version = 1
